
Microsoft Visual Studio Solution File, Format Version 12.00
# Visual Studio 15
VisualStudioVersion = 15.0.26430.6
MinimumVisualStudioVersion = 10.0.40219.1
Project("{FAE04EC0-301F-11D3-BF4B-00C04F79EFBC}") = "X10 to A10", "X10 to A10\X10 to A10.csproj", "{EA7DB2BD-50F2-4C21-8696-9AFE7017D38D}"
EndProject
Global
	GlobalSection(SolutionConfigurationPlatforms) = preSolution
		Debug|Any CPU = Debug|Any CPU
		Release|Any CPU = Release|Any CPU
	EndGlobalSection
	GlobalSection(ProjectConfigurationPlatforms) = postSolution
		{EA7DB2BD-50F2-4C21-8696-9AFE7017D38D}.Debug|Any CPU.ActiveCfg = Debug|Any CPU
		{EA7DB2BD-50F2-4C21-8696-9AFE7017D38D}.Debug|Any CPU.Build.0 = Debug|Any CPU
		{EA7DB2BD-50F2-4C21-8696-9AFE7017D38D}.Release|Any CPU.ActiveCfg = Release|Any CPU
		{EA7DB2BD-50F2-4C21-8696-9AFE7017D38D}.Release|Any CPU.Build.0 = Release|Any CPU
	EndGlobalSection
	GlobalSection(SolutionProperties) = preSolution
		HideSolutionNode = FALSE
	EndGlobalSection
EndGlobal
